
Microsoft Visual Studio Solution File, Format Version 12.00
# Visual Studio 15
VisualStudioVersion = 15.0.28307.136
MinimumVisualStudioVersion = 10.0.40219.1
Project("{FAE04EC0-301F-11D3-BF4B-00C04F79EFBC}") = "Test3Website", "Test3Website\Test3Website.csproj", "{DA7DAA45-C4E0-4F25-ACCA-4B6545F0FA24}"
EndProject
Global
	GlobalSection(SolutionConfigurationPlatforms) = preSolution
		Debug|Any CPU = Debug|Any CPU
		Release|Any CPU = Release|Any CPU
	EndGlobalSection
	GlobalSection(ProjectConfigurationPlatforms) = postSolution
		{DA7DAA45-C4E0-4F25-ACCA-4B6545F0FA24}.Debug|Any CPU.ActiveCfg = Debug|Any CPU
		{DA7DAA45-C4E0-4F25-ACCA-4B6545F0FA24}.Debug|Any CPU.Build.0 = Debug|Any CPU
		{DA7DAA45-C4E0-4F25-ACCA-4B6545F0FA24}.Release|Any CPU.ActiveCfg = Release|Any CPU
		{DA7DAA45-C4E0-4F25-ACCA-4B6545F0FA24}.Release|Any CPU.Build.0 = Release|Any CPU
	EndGlobalSection
	GlobalSection(SolutionProperties) = preSolution
		HideSolutionNode = FALSE
	EndGlobalSection
	GlobalSection(ExtensibilityGlobals) = postSolution
		SolutionGuid = {91660D90-5E36-4090-8126-5EF23545395C}
	EndGlobalSection
EndGlobal
